
Microsoft Visual Studio Solution File, Format Version 12.00
# Visual Studio Version 17
VisualStudioVersion = 17.7.34221.43
MinimumVisualStudioVersion = 10.0.40219.1
Project("{888888A0-9F3D-457C-B088-3A5042F75D52}") = "BarcodeProject", "BarcodeProject\BarcodeProject.pyproj", "{0BEEF6D7-5C89-4D71-B13C-40ADBCEE1BA1}"
EndProject
Global
	GlobalSection(SolutionConfigurationPlatforms) = preSolution
		Debug|Any CPU = Debug|Any CPU
		Release|Any CPU = Release|Any CPU
	EndGlobalSection
	GlobalSection(ProjectConfigurationPlatforms) = postSolution
		{0BEEF6D7-5C89-4D71-B13C-40ADBCEE1BA1}.Debug|Any CPU.ActiveCfg = Debug|Any CPU
		{0BEEF6D7-5C89-4D71-B13C-40ADBCEE1BA1}.Release|Any CPU.ActiveCfg = Release|Any CPU
	EndGlobalSection
	GlobalSection(SolutionProperties) = preSolution
		HideSolutionNode = FALSE
	EndGlobalSection
	GlobalSection(ExtensibilityGlobals) = postSolution
		SolutionGuid = {03C58FD0-FB9D-4EA1-93D4-E88367A62C10}
	EndGlobalSection
EndGlobal
